
Microsoft Visual Studio Solution File, Format Version 12.00
# Visual Studio Express 2012 for Windows Desktop
Project("{FAE04EC0-301F-11D3-BF4B-00C04F79EFBC}") = "appInvestigacionPreliminar", "appInvestigacionPreliminar\appInvestigacionPreliminar.csproj", "{F749FEA3-6DA5-4F8A-8DAF-54A3DCC1BA57}"
EndProject
Global
	GlobalSection(SolutionConfigurationPlatforms) = preSolution
		Debug|Any CPU = Debug|Any CPU
		Release|Any CPU = Release|Any CPU
	EndGlobalSection
	GlobalSection(ProjectConfigurationPlatforms) = postSolution
		{F749FEA3-6DA5-4F8A-8DAF-54A3DCC1BA57}.Debug|Any CPU.ActiveCfg = Debug|Any CPU
		{F749FEA3-6DA5-4F8A-8DAF-54A3DCC1BA57}.Debug|Any CPU.Build.0 = Debug|Any CPU
		{F749FEA3-6DA5-4F8A-8DAF-54A3DCC1BA57}.Release|Any CPU.ActiveCfg = Release|Any CPU
		{F749FEA3-6DA5-4F8A-8DAF-54A3DCC1BA57}.Release|Any CPU.Build.0 = Release|Any CPU
	EndGlobalSection
	GlobalSection(SolutionProperties) = preSolution
		HideSolutionNode = FALSE
	EndGlobalSection
EndGlobal
